schema: '2.0'
stages:
  prepare:
    cmd: python src/preprocessing.py
    deps:
    - path: data/MrBeast_youtube_stats.csv
      hash: md5
      md5: d16489d075811f4668cf3c5660618cf9
      size: 146807
    - path: src/preprocessing.py
      hash: md5
      md5: a3a6942605b05250ad6ef7e6f9af2279
      size: 2336
    params:
      params.yaml:
        split.random_state: 42
        split.test_size: 0.2
    outs:
    - path: data/mrbeast_pipeline.pkl
      hash: md5
      md5: 5fe5cf384cd2fe1dad1fa457ebd7e73e
      size: 1734
    - path: data/processed_mrbeast_test.csv
      hash: md5
      md5: aca9773aaa0bd0aea8ac59c2ce33b366
      size: 3606
    - path: data/processed_mrbeast_train.csv
      hash: md5
      md5: 2b988cc9b838ad1f66f516e3248c2162
      size: 14081
